
Microsoft Visual Studio Solution File, Format Version 12.00
# Visual Studio 15
VisualStudioVersion = 15.0.26430.15
MinimumVisualStudioVersion = 10.0.40219.1
Project("{FAE04EC0-301F-11D3-BF4B-00C04F79EFBC}") = "Repository", "Repo\Repository.csproj", "{B7C6CE74-112C-45A2-9863-AB137C981196}"
EndProject
Project("{FAE04EC0-301F-11D3-BF4B-00C04F79EFBC}") = "RepositoryPattern", "RepositoryPAttern\RepositoryPattern.csproj", "{EC982B9C-F107-4CF0-A7FC-DE3EA58B4D7F}"
EndProject
Project("{FAE04EC0-301F-11D3-BF4B-00C04F79EFBC}") = "RepositoryImplementation", "RepositoryImplementation\RepositoryImplementation.csproj", "{DB764520-477A-488B-AC53-2619D4376EF6}"
EndProject
Global
	GlobalSection(SolutionConfigurationPlatforms) = preSolution
		Debug|Any CPU = Debug|Any CPU
		Release|Any CPU = Release|Any CPU
	EndGlobalSection
	GlobalSection(ProjectConfigurationPlatforms) = postSolution
		{B7C6CE74-112C-45A2-9863-AB137C981196}.Debug|Any CPU.ActiveCfg = Debug|Any CPU
		{B7C6CE74-112C-45A2-9863-AB137C981196}.Debug|Any CPU.Build.0 = Debug|Any CPU
		{B7C6CE74-112C-45A2-9863-AB137C981196}.Release|Any CPU.ActiveCfg = Release|Any CPU
		{B7C6CE74-112C-45A2-9863-AB137C981196}.Release|Any CPU.Build.0 = Release|Any CPU
		{EC982B9C-F107-4CF0-A7FC-DE3EA58B4D7F}.Debug|Any CPU.ActiveCfg = Debug|Any CPU
		{EC982B9C-F107-4CF0-A7FC-DE3EA58B4D7F}.Debug|Any CPU.Build.0 = Debug|Any CPU
		{EC982B9C-F107-4CF0-A7FC-DE3EA58B4D7F}.Release|Any CPU.ActiveCfg = Release|Any CPU
		{EC982B9C-F107-4CF0-A7FC-DE3EA58B4D7F}.Release|Any CPU.Build.0 = Release|Any CPU
		{DB764520-477A-488B-AC53-2619D4376EF6}.Debug|Any CPU.ActiveCfg = Debug|Any CPU
		{DB764520-477A-488B-AC53-2619D4376EF6}.Debug|Any CPU.Build.0 = Debug|Any CPU
		{DB764520-477A-488B-AC53-2619D4376EF6}.Release|Any CPU.ActiveCfg = Release|Any CPU
		{DB764520-477A-488B-AC53-2619D4376EF6}.Release|Any CPU.Build.0 = Release|Any CPU
	EndGlobalSection
	GlobalSection(SolutionProperties) = preSolution
		HideSolutionNode = FALSE
	EndGlobalSection
EndGlobal
